
Microsoft Visual Studio Solution File, Format Version 12.00
# Visual Studio Version 17
VisualStudioVersion = 17.8.34511.84
MinimumVisualStudioVersion = 10.0.40219.1
Project("{FAE04EC0-301F-11D3-BF4B-00C04F79EFBC}") = "Test", "Test\Test.csproj", "{F3F903BC-DE88-462E-90E8-E1CA7016E611}"
EndProject
Project("{FAE04EC0-301F-11D3-BF4B-00C04F79EFBC}") = "DataLayer", "DataLayer\DataLayer.csproj", "{CA64BC69-1AE5-4CDC-BE3E-C05DAD46803B}"
EndProject
Project("{FAE04EC0-301F-11D3-BF4B-00C04F79EFBC}") = "Services", "Services\Services.csproj", "{1176C826-8936-480E-A667-B56E23FF6B53}"
EndProject
Global
	GlobalSection(SolutionConfigurationPlatforms) = preSolution
		Debug|Any CPU = Debug|Any CPU
		Release|Any CPU = Release|Any CPU
	EndGlobalSection
	GlobalSection(ProjectConfigurationPlatforms) = postSolution
		{F3F903BC-DE88-462E-90E8-E1CA7016E611}.Debug|Any CPU.ActiveCfg = Debug|Any CPU
		{F3F903BC-DE88-462E-90E8-E1CA7016E611}.Debug|Any CPU.Build.0 = Debug|Any CPU
		{F3F903BC-DE88-462E-90E8-E1CA7016E611}.Release|Any CPU.ActiveCfg = Release|Any CPU
		{F3F903BC-DE88-462E-90E8-E1CA7016E611}.Release|Any CPU.Build.0 = Release|Any CPU
		{CA64BC69-1AE5-4CDC-BE3E-C05DAD46803B}.Debug|Any CPU.ActiveCfg = Debug|Any CPU
		{CA64BC69-1AE5-4CDC-BE3E-C05DAD46803B}.Debug|Any CPU.Build.0 = Debug|Any CPU
		{CA64BC69-1AE5-4CDC-BE3E-C05DAD46803B}.Release|Any CPU.ActiveCfg = Release|Any CPU
		{CA64BC69-1AE5-4CDC-BE3E-C05DAD46803B}.Release|Any CPU.Build.0 = Release|Any CPU
		{1176C826-8936-480E-A667-B56E23FF6B53}.Debug|Any CPU.ActiveCfg = Debug|Any CPU
		{1176C826-8936-480E-A667-B56E23FF6B53}.Debug|Any CPU.Build.0 = Debug|Any CPU
		{1176C826-8936-480E-A667-B56E23FF6B53}.Release|Any CPU.ActiveCfg = Release|Any CPU
		{1176C826-8936-480E-A667-B56E23FF6B53}.Release|Any CPU.Build.0 = Release|Any CPU
	EndGlobalSection
	GlobalSection(SolutionProperties) = preSolution
		HideSolutionNode = FALSE
	EndGlobalSection
	GlobalSection(ExtensibilityGlobals) = postSolution
		SolutionGuid = {042B403C-10B6-4948-BBF6-F857160C4FE9}
	EndGlobalSection
EndGlobal
